
Microsoft Visual Studio Solution File, Format Version 12.00
# Visual Studio Version 16
VisualStudioVersion = 16.0.31515.178
MinimumVisualStudioVersion = 10.0.40219.1
Project("{FAE04EC0-301F-11D3-BF4B-00C04F79EFBC}") = "Opportunity.Plugins", "Opportunity.Plugins\Opportunity.Plugins.csproj", "{04346F5E-C9BF-4C07-8A86-2C0EE063C3C9}"
EndProject
Global
	GlobalSection(SolutionConfigurationPlatforms) = preSolution
		Debug|Any CPU = Debug|Any CPU
		Release|Any CPU = Release|Any CPU
	EndGlobalSection
	GlobalSection(ProjectConfigurationPlatforms) = postSolution
		{04346F5E-C9BF-4C07-8A86-2C0EE063C3C9}.Debug|Any CPU.ActiveCfg = Debug|Any CPU
		{04346F5E-C9BF-4C07-8A86-2C0EE063C3C9}.Debug|Any CPU.Build.0 = Debug|Any CPU
		{04346F5E-C9BF-4C07-8A86-2C0EE063C3C9}.Release|Any CPU.ActiveCfg = Release|Any CPU
		{04346F5E-C9BF-4C07-8A86-2C0EE063C3C9}.Release|Any CPU.Build.0 = Release|Any CPU
	EndGlobalSection
	GlobalSection(SolutionProperties) = preSolution
		HideSolutionNode = FALSE
	EndGlobalSection
	GlobalSection(ExtensibilityGlobals) = postSolution
		SolutionGuid = {7FC760D7-3B93-4BB5-ACDE-CDF17CDB8FEB}
	EndGlobalSection
EndGlobal
